
Microsoft Visual Studio Solution File, Format Version 12.00
# Visual Studio Version 16
VisualStudioVersion = 16.0.30611.23
MinimumVisualStudioVersion = 10.0.40219.1
Project("{8BC9CEB8-8B4A-11D0-8D11-00A0C91BC942}") = "Homework_grade", "Homework_grade\Homework_grade.vcxproj", "{A43DB4D8-AFF3-4381-800A-DDAF4E6B37BF}"
EndProject
Global
	GlobalSection(SolutionConfigurationPlatforms) = preSolution
		Debug|x64 = Debug|x64
		Debug|x86 = Debug|x86
		Release|x64 = Release|x64
		Release|x86 = Release|x86
	EndGlobalSection
	GlobalSection(ProjectConfigurationPlatforms) = postSolution
		{A43DB4D8-AFF3-4381-800A-DDAF4E6B37BF}.Debug|x64.ActiveCfg = Debug|x64
		{A43DB4D8-AFF3-4381-800A-DDAF4E6B37BF}.Debug|x64.Build.0 = Debug|x64
		{A43DB4D8-AFF3-4381-800A-DDAF4E6B37BF}.Debug|x86.ActiveCfg = Debug|Win32
		{A43DB4D8-AFF3-4381-800A-DDAF4E6B37BF}.Debug|x86.Build.0 = Debug|Win32
		{A43DB4D8-AFF3-4381-800A-DDAF4E6B37BF}.Release|x64.ActiveCfg = Release|x64
		{A43DB4D8-AFF3-4381-800A-DDAF4E6B37BF}.Release|x64.Build.0 = Release|x64
		{A43DB4D8-AFF3-4381-800A-DDAF4E6B37BF}.Release|x86.ActiveCfg = Release|Win32
		{A43DB4D8-AFF3-4381-800A-DDAF4E6B37BF}.Release|x86.Build.0 = Release|Win32
	EndGlobalSection
	GlobalSection(SolutionProperties) = preSolution
		HideSolutionNode = FALSE
	EndGlobalSection
	GlobalSection(ExtensibilityGlobals) = postSolution
		SolutionGuid = {C214A2FB-F38A-466D-B018-2834BD1A62B8}
	EndGlobalSection
EndGlobal
